<?xml version="1.0" encoding="utf-8"?>
<Project ToolsVersion="4.0" xmlns="http://schemas.microsoft.com/developer/msbuild/2003">
  <ItemGroup>
    <ClCompile Include="Adventure.cpp" />
    <ClCompile Include="Animation.cpp" />
    <ClCompile Include="Attack.cpp" />
    <ClCompile Include="Constants.cpp" />
    <ClCompile Include="Dialog.cpp" />
    <ClCompile Include="Enemy.cpp" />
    <ClCompile Include="Fight.cpp" />
    <ClCompile Include="Layer.cpp" />
    <ClCompile Include="Main.cpp" />
    <ClCompile Include="Map.cpp" />
    <ClCompile Include="Movable_Thing.cpp" />
    <ClCompile Include="Movable_Trainer.cpp" />
    <ClCompile Include="Player.cpp" />
    <ClCompile Include="Player_Trainer.cpp" />
    <ClCompile Include="Pokemon.cpp" />
    <ClCompile Include="Sprite.cpp" />
    <ClCompile Include="Texture.cpp" />
    <ClCompile Include="Text_Manager.cpp" />
    <ClCompile Include="Thing.cpp" />
    <ClCompile Include="Timer.cpp" />
    <ClCompile Include="Vector2D.cpp" />
    <ClCompile Include="World.cpp" />
    <ClCompile Include="Interaction.cpp" />
    <ClCompile Include="Map_Manager.cpp" />
  </ItemGroup>
  <ItemGroup>
    <ClInclude Include="Adventure.h" />
    <ClInclude Include="Animation.h" />
    <ClInclude Include="Attack.h" />
    <ClInclude Include="Constants.h" />
    <ClInclude Include="Dialog.h" />
    <ClInclude Include="Enemy.h" />
    <ClInclude Include="Fight.h" />
    <ClInclude Include="Layer.h" />
    <ClInclude Include="ListOf.h" />
    <ClInclude Include="Map.h" />
    <ClInclude Include="Movable_Thing.h" />
    <ClInclude Include="Movable_Trainer.h" />
    <ClInclude Include="Player.h" />
    <ClInclude Include="Player_Trainer.h" />
    <ClInclude Include="Pokemon.h" />
    <ClInclude Include="Sprite.h" />
    <ClInclude Include="Texture.h" />
    <ClInclude Include="Text_Manager.h" />
    <ClInclude Include="Thing.h" />
    <ClInclude Include="Timer.h" />
    <ClInclude Include="Vector2D.h" />
    <ClInclude Include="World.h" />
    <ClInclude Include="Interaction.h" />
    <ClInclude Include="Map_Manager.h" />
  </ItemGroup>
</Project>